{
  "nodes": {
    "crane": {
      "locked": {
        "lastModified": 1785782307,
        "narHash": "sha256-MPaRdVkf6zZP5fCPxYCi8Dr4pZzgmXzg8T9nVEbp3Mw=",
        "owner": "ipetkov",
        "repo": "crane",
        "rev": "2c71e194474d13de031d729b729c968ddbe3507f",
        "type": "github"
      },
      "original": {
        "owner": "ipetkov",
        "repo": "crane",
        "type": "github"
      }
    },
    "flake-parts": {
      "inputs": {
        "nixpkgs-lib": [
          "nixpkgs"
        ]
      },
      "locked": {
        "lastModified": 1785627969,
        "narHash": "sha256-4dtXQk/NMePegK/nWp5NSeuZKLATItOq61lpEvmXqGw=",
        "owner": "hercules-ci",
        "repo": "flake-parts",
        "rev": "427bf4bd9435fdf21321c8cc628c24efc14c0f7a",
        "type": "github"
      },
      "original": {
        "owner": "hercules-ci",
        "repo": "flake-parts",
        "type": "github"
      }
    },
    "nixpkgs": {
      "locked": {
        "lastModified": 1787101114,
        "narHash": "sha256-gwrPcFf/rDjHPaVflbDZ040ZDmBTRj/7+s8ZmE2SaIM=",
        "owner": "nixos",
        "repo": "nixpkgs",
        "rev": "b18a4b905f8d028dc4476412e6d6891728695379",
        "type": "github"
      },
      "original": {
        "owner": "nixos",
        "ref": "nixos-26.05",
        "repo": "nixpkgs",
        "type": "github"
      }
    },
    "nixpkgs-unstable": {
      "locked": {
        "lastModified": 1787135253,
        "narHash": "sha256-RD2kNWCG+Bjo6h+JVjWVNntZs2GtRoeY2xHjts/FNkA=",
        "owner": "nixos",
        "repo": "nixpkgs",
        "rev": "ffb3c9b700e759be2ef13237c9d8f953b32a1e46",
        "type": "github"
      },
      "original": {
        "owner": "nixos",
        "ref": "nixos-unstable",
        "repo": "nixpkgs",
        "type": "github"
      }
    },
    "root": {
      "inputs": {
        "crane": "crane",
        "flake-parts": "flake-parts",
        "nixpkgs": "nixpkgs",
        "nixpkgs-unstable": "nixpkgs-unstable",
        "rust-overlay": "rust-overlay"
      }
    },
    "rust-overlay": {
      "inputs": {
        "nixpkgs": [
          "nixpkgs"
        ]
      },
      "locked": {
        "lastModified": 1787022047,
        "narHash": "sha256-wNlYM/obKOkkRELrOfto1JT5CRANR6hB/RjOELp223U=",
        "owner": "oxalica",
        "repo": "rust-overlay",
        "rev": "b32685dd7c5a965aa8273adb7ddaf7f5b40d0faa",
        "type": "github"
      },
      "original": {
        "owner": "oxalica",
        "repo": "rust-overlay",
        "type": "github"
      }
    }
  },
  "root": "root",
  "version": 7
}
